
Microsoft Visual Studio Solution File, Format Version 12.00
# Visual Studio Version 17
VisualStudioVersion = 17.8.34322.80
MinimumVisualStudioVersion = 10.0.40219.1
Project("{FAE04EC0-301F-11D3-BF4B-00C04F79EFBC}") = "Learning", "Learning\Learning.csproj", "{D65CCE2E-D94E-4851-9E89-4597C82E4333}"
EndProject
Global
	GlobalSection(SolutionConfigurationPlatforms) = preSolution
		Debug|Any CPU = Debug|Any CPU
		Release|Any CPU = Release|Any CPU
	EndGlobalSection
	GlobalSection(ProjectConfigurationPlatforms) = postSolution
		{D65CCE2E-D94E-4851-9E89-4597C82E4333}.Debug|Any CPU.ActiveCfg = Debug|Any CPU
		{D65CCE2E-D94E-4851-9E89-4597C82E4333}.Debug|Any CPU.Build.0 = Debug|Any CPU
		{D65CCE2E-D94E-4851-9E89-4597C82E4333}.Release|Any CPU.ActiveCfg = Release|Any CPU
		{D65CCE2E-D94E-4851-9E89-4597C82E4333}.Release|Any CPU.Build.0 = Release|Any CPU
	EndGlobalSection
	GlobalSection(SolutionProperties) = preSolution
		HideSolutionNode = FALSE
	EndGlobalSection
	GlobalSection(ExtensibilityGlobals) = postSolution
		SolutionGuid = {763D5B09-381E-43D8-B330-CE57DA59A868}
	EndGlobalSection
EndGlobal
